
Microsoft Visual Studio Solution File, Format Version 12.00
# Visual Studio Version 17
VisualStudioVersion = 17.8.34316.72
MinimumVisualStudioVersion = 10.0.40219.1
Project("{FAE04EC0-301F-11D3-BF4B-00C04F79EFBC}") = "RESTAURANT MANAGEMENT", "RESTAURANT MANAGEMENT\RESTAURANT MANAGEMENT.csproj", "{AFDAFF48-B158-4284-8555-23C0A4884161}"
EndProject
Global
	GlobalSection(SolutionConfigurationPlatforms) = preSolution
		Debug|Any CPU = Debug|Any CPU
		Release|Any CPU = Release|Any CPU
	EndGlobalSection
	GlobalSection(ProjectConfigurationPlatforms) = postSolution
		{AFDAFF48-B158-4284-8555-23C0A4884161}.Debug|Any CPU.ActiveCfg = Debug|Any CPU
		{AFDAFF48-B158-4284-8555-23C0A4884161}.Debug|Any CPU.Build.0 = Debug|Any CPU
		{AFDAFF48-B158-4284-8555-23C0A4884161}.Release|Any CPU.ActiveCfg = Release|Any CPU
		{AFDAFF48-B158-4284-8555-23C0A4884161}.Release|Any CPU.Build.0 = Release|Any CPU
	EndGlobalSection
	GlobalSection(SolutionProperties) = preSolution
		HideSolutionNode = FALSE
	EndGlobalSection
	GlobalSection(ExtensibilityGlobals) = postSolution
		SolutionGuid = {81D116B5-49B1-425E-8CBC-FB76EAD6B46C}
	EndGlobalSection
EndGlobal
